// !$*UTF8*$!
{
	archiveVersion = 1;
	classes = {
	};
	objectVersion = 46;
	objects = {

/* Begin PBXBuildFile section */
		05E97BA01CC5D13100BCCB87 /* main.m in Sources */ = {isa = PBXBuildFile; fileRef = 05E97B9F1CC5D13100BCCB87 /* main.m */; };
		05E97BA31CC5D13100BCCB87 /* AppDelegate.m in Sources */ = {isa = PBXBuildFile; fileRef = 05E97BA21CC5D13100BCCB87 /* AppDelegate.m */; };
		05E97BA61CC5D13100BCCB87 /* ViewController.m in Sources */ = {isa = PBXBuildFile; fileRef = 05E97BA51CC5D13100BCCB87 /* ViewController.m */; };
		05E97BA91CC5D13100BCCB87 /* Main.storyboard in Resources */ = {isa = PBXBuildFile; fileRef = 05E97BA71CC5D13100BCCB87 /* Main.storyboard */; };
		05E97BAB1CC5D13100BCCB87 /* Assets.xcassets in Resources */ = {isa = PBXBuildFile; fileRef = 05E97BAA1CC5D13100BCCB87 /* Assets.xcassets */; };
		05E97BAE1CC5D13100BCCB87 /* LaunchScreen.storyboard in Resources */ = {isa = PBXBuildFile; fileRef = 05E97BAC1CC5D13100BCCB87 /* LaunchScreen.storyboard */; };
		05E97BB91CC5D19200BCCB87 /* ZCXImageBannerPlayer.m in Sources */ = {isa = PBXBuildFile; fileRef = 05E97BB81CC5D19200BCCB87 /* ZCXImageBannerPlayer.m */; };
		994CF11229306BB3D8862D69 /* libPods.a in Frameworks */ = {isa = PBXBuildFile; fileRef = 420F87FF21CCEECA35362101 /* libPods.a */; };
/* End PBXBuildFile section */

/* Begin PBXFileReference section */
		05E97B9B1CC5D13100BCCB87 /* ZCXImageBannerPlayer.app */ = {isa = PBXFileReference; explicitFileType = wrapper.application; includeInIndex = 0; path = ZCXImageBannerPlayer.app; sourceTree = BUILT_PRODUCTS_DIR; };
		05E97B9F1CC5D13100BCCB87 /* main.m */ = {isa = PBXFileReference; lastKnownFileType = sourcecode.c.objc; path = main.m; sourceTree = "<group>"; };
		05E97BA11CC5D13100BCCB87 /* AppDelegate.h */ = {isa = PBXFileReference; lastKnownFileType = sourcecode.c.h; path = AppDelegate.h; sourceTree = "<group>"; };
		05E97BA21CC5D13100BCCB87 /* AppDelegate.m */ = {isa = PBXFileReference; lastKnownFileType = sourcecode.c.objc; path = AppDelegate.m; sourceTree = "<group>"; };
		05E97BA41CC5D13100BCCB87 /* ViewController.h */ = {isa = PBXFileReference; lastKnownFileType = sourcecode.c.h; path = ViewController.h; sourceTree = "<group>"; };
		05E97BA51CC5D13100BCCB87 /* ViewController.m */ = {isa = PBXFileReference; lastKnownFileType = sourcecode.c.objc; path = ViewController.m; sourceTree = "<group>"; };
		05E97BA81CC5D13100BCCB87 /* Base */ = {isa = PBXFileReference; lastKnownFileType = file.storyboard; name = Base; path = Base.lproj/Main.storyboard; sourceTree = "<group>"; };
		05E97BAA1CC5D13100BCCB87 /* Assets.xcassets */ = {isa = PBXFileReference; lastKnownFileType = folder.assetcatalog; path = Assets.xcassets; sourceTree = "<group>"; };
		05E97BAD1CC5D13100BCCB87 /* Base */ = {isa = PBXFileReference; lastKnownFileType = file.storyboard; name = Base; path = Base.lproj/LaunchScreen.storyboard; sourceTree = "<group>"; };
		05E97BAF1CC5D13100BCCB87 /* Info.plist */ = {isa = PBXFileReference; lastKnownFileType = text.plist.xml; path = Info.plist; sourceTree = "<group>"; };
		05E97BB71CC5D19200BCCB87 /* ZCXImageBannerPlayer.h */ = {isa = PBXFileReference; fileEncoding = 4; lastKnownFileType = sourcecode.c.h; path = ZCXImageBannerPlayer.h; sourceTree = "<group>"; };
		05E97BB81CC5D19200BCCB87 /* ZCXImageBannerPlayer.m */ = {isa = PBXFileReference; fileEncoding = 4; lastKnownFileType = sourcecode.c.objc; path = ZCXImageBannerPlayer.m; sourceTree = "<group>"; };
		420F87FF21CCEECA35362101 /* libPods.a */ = {isa = PBXFileReference; explicitFileType = archive.ar; includeInIndex = 0; path = libPods.a; sourceTree = BUILT_PRODUCTS_DIR; };
		C2A5838C0C846A978C257BA5 /* Pods.release.xcconfig */ = {isa = PBXFileReference; includeInIndex = 1; lastKnownFileType = text.xcconfig; name = Pods.release.xcconfig; path = "Pods/Target Support Files/Pods/Pods.release.xcconfig"; sourceTree = "<group>"; };
		FBF60DA9B340AE6D242D4126 /* Pods.debug.xcconfig */ = {isa = PBXFileReference; includeInIndex = 1; lastKnownFileType = text.xcconfig; name = Pods.debug.xcconfig; path = "Pods/Target Support Files/Pods/Pods.debug.xcconfig"; sourceTree = "<group>"; };
/* End PBXFileReference section */

/* Begin PBXFrameworksBuildPhase section */
		05E97B981CC5D13100BCCB87 /* Frameworks */ = {
			isa = PBXFrameworksBuildPhase;
			buildActionMask = 2147483647;
			files = (
				994CF11229306BB3D8862D69 /* libPods.a in Frameworks */,
			);
			runOnlyForDeploymentPostprocessing = 0;
		};
/* End PBXFrameworksBuildPhase section */

/* Begin PBXGroup section */
		05E97B921CC5D13000BCCB87 = {
			isa = PBXGroup;
			children = (
				05E97B9D1CC5D13100BCCB87 /* ZCXImageBannerPlayer */,
				05E97B9C1CC5D13100BCCB87 /* Products */,
				8FCFE94ADC91F10B6CD3D663 /* Pods */,
				772A6074866791672C7DD912 /* Frameworks */,
			);
			sourceTree = "<group>";
		};
		05E97B9C1CC5D13100BCCB87 /* Products */ = {
			isa = PBXGroup;
			children = (
				05E97B9B1CC5D13100BCCB87 /* ZCXImageBannerPlayer.app */,
			);
			name = Products;
			sourceTree = "<group>";
		};
		05E97B9D1CC5D13100BCCB87 /* ZCXImageBannerPlayer */ = {
			isa = PBXGroup;
			children = (
				05E97BB61CC5D18200BCCB87 /* ZCXImageBannerPlayer */,
				05E97BA11CC5D13100BCCB87 /* AppDelegate.h */,
				05E97BA21CC5D13100BCCB87 /* AppDelegate.m */,
				05E97BA41CC5D13100BCCB87 /* ViewController.h */,
				05E97BA51CC5D13100BCCB87 /* ViewController.m */,
				05E97BA71CC5D13100BCCB87 /* Main.storyboard */,
				05E97BAA1CC5D13100BCCB87 /* Assets.xcassets */,
				05E97BAC1CC5D13100BCCB87 /* LaunchScreen.storyboard */,
				05E97BAF1CC5D13100BCCB87 /* Info.plist */,
				05E97B9E1CC5D13100BCCB87 /* Supporting Files */,
			);
			path = ZCXImageBannerPlayer;
			sourceTree = "<group>";
		};
		05E97B9E1CC5D13100BCCB87 /* Supporting Files */ = {
			isa = PBXGroup;
			children = (
				05E97B9F1CC5D13100BCCB87 /* main.m */,
			);
			name = "Supporting Files";
			sourceTree = "<group>";
		};
		05E97BB61CC5D18200BCCB87 /* ZCXImageBannerPlayer */ = {
			isa = PBXGroup;
			children = (
				05E97BB71CC5D19200BCCB87 /* ZCXImageBannerPlayer.h */,
				05E97BB81CC5D19200BCCB87 /* ZCXImageBannerPlayer.m */,
			);
			name = ZCXImageBannerPlayer;
			path = Source/ZCXImageBannerPlayer;
			sourceTree = SOURCE_ROOT;
		};
		772A6074866791672C7DD912 /* Frameworks */ = {
			isa = PBXGroup;
			children = (
				420F87FF21CCEECA35362101 /* libPods.a */,
			);
			name = Frameworks;
			sourceTree = "<group>";
		};
		8FCFE94ADC91F10B6CD3D663 /* Pods */ = {
			isa = PBXGroup;
			children = (
				FBF60DA9B340AE6D242D4126 /* Pods.debug.xcconfig */,
				C2A5838C0C846A978C257BA5 /* Pods.release.xcconfig */,
			);
			name = Pods;
			sourceTree = "<group>";
		};
/* End PBXGroup section */

/* Begin PBXNativeTarget section */
		05E97B9A1CC5D13100BCCB87 /* ZCXImageBannerPlayer */ = {
			isa = PBXNativeTarget;
			buildConfigurationList = 05E97BB21CC5D13100BCCB87 /* Build configuration list for PBXNativeTarget "ZCXImageBannerPlayer" */;
			buildPhases = (
				79C0DD07364EE43E0388104C /* Check Pods Manifest.lock */,
				05E97B971CC5D13100BCCB87 /* Sources */,
				05E97B981CC5D13100BCCB87 /* Frameworks */,
				05E97B991CC5D13100BCCB87 /* Resources */,
				86F6F4275E46A97A46A08B3E /* Copy Pods Resources */,
			);
			buildRules = (
			);
			dependencies = (
			);
			name = ZCXImageBannerPlayer;
			productName = ZCXImageBannerPlayer;
			productReference = 05E97B9B1CC5D13100BCCB87 /* ZCXImageBannerPlayer.app */;
			productType = "com.apple.product-type.application";
		};
/* End PBXNativeTarget section */

/* Begin PBXProject section */
		05E97B931CC5D13000BCCB87 /* Project object */ = {
			isa = PBXProject;
			attributes = {
				LastUpgradeCheck = 0730;
				ORGANIZATIONNAME = "继续前行";
				TargetAttributes = {
					05E97B9A1CC5D13100BCCB87 = {
						CreatedOnToolsVersion = 7.3;
					};
				};
			};
			buildConfigurationList = 05E97B961CC5D13000BCCB87 /* Build configuration list for PBXProject "ZCXImageBannerPlayer" */;
			compatibilityVersion = "Xcode 3.2";
			developmentRegion = English;
			hasScannedForEncodings = 0;
			knownRegions = (
				en,
				Base,
			);
			mainGroup = 05E97B921CC5D13000BCCB87;
			productRefGroup = 05E97B9C1CC5D13100BCCB87 /* Products */;
			projectDirPath = "";
			projectRoot = "";
			targets = (
				05E97B9A1CC5D13100BCCB87 /* ZCXImageBannerPlayer */,
			);
		};
/* End PBXProject section */

/* Begin PBXResourcesBuildPhase section */
		05E97B991CC5D13100BCCB87 /* Resources */ = {
			isa = PBXResourcesBuildPhase;
			buildActionMask = 2147483647;
			files = (
				05E97BAE1CC5D13100BCCB87 /* LaunchScreen.storyboard in Resources */,
				05E97BAB1CC5D13100BCCB87 /* Assets.xcassets in Resources */,
				05E97BA91CC5D13100BCCB87 /* Main.storyboard in Resources */,
			);
			runOnlyForDeploymentPostprocessing = 0;
		};
/* End PBXResourcesBuildPhase section */

/* Begin PBXShellScriptBuildPhase section */
		79C0DD07364EE43E0388104C /* Check Pods Manifest.lock */ = {
			isa = PBXShellScriptBuildPhase;
			buildActionMask = 2147483647;
			files = (
			);
			inputPaths = (
			);
			name = "Check Pods Manifest.lock";
			outputPaths = (
			);
			runOnlyForDeploymentPostprocessing = 0;
			shellPath = /bin/sh;
			shellScript = "diff \"${PODS_ROOT}/../Podfile.lock\" \"${PODS_ROOT}/Manifest.lock\" > /dev/null\nif [[ $? != 0 ]] ; then\n    cat << EOM\nerror: The sandbox is not in sync with the Podfile.lock. Run 'pod install' or update your CocoaPods installation.\nEOM\n    exit 1\nfi\n";
			showEnvVarsInLog = 0;
		};
		86F6F4275E46A97A46A08B3E /* Copy Pods Resources */ = {
			isa = PBXShellScriptBuildPhase;
			buildActionMask = 2147483647;
			files = (
			);
			inputPaths = (
			);
			name = "Copy Pods Resources";
			outputPaths = (
			);
			runOnlyForDeploymentPostprocessing = 0;
			shellPath = /bin/sh;
			shellScript = "\"${SRCROOT}/Pods/Target Support Files/Pods/Pods-resources.sh\"\n";
			showEnvVarsInLog = 0;
		};
/* End PBXShellScriptBuildPhase section */

/* Begin PBXSourcesBuildPhase section */
		05E97B971CC5D13100BCCB87 /* Sources */ = {
			isa = PBXSourcesBuildPhase;
			buildActionMask = 2147483647;
			files = (
				05E97BB91CC5D19200BCCB87 /* ZCXImageBannerPlayer.m in Sources */,
				05E97BA61CC5D13100BCCB87 /* ViewController.m in Sources */,
				05E97BA31CC5D13100BCCB87 /* AppDelegate.m in Sources */,
				05E97BA01CC5D13100BCCB87 /* main.m in Sources */,
			);
			runOnlyForDeploymentPostprocessing = 0;
		};
/* End PBXSourcesBuildPhase section */

/* Begin PBXVariantGroup section */
		05E97BA71CC5D13100BCCB87 /* Main.storyboard */ = {
			isa = PBXVariantGroup;
			children = (
				05E97BA81CC5D13100BCCB87 /* Base */,
			);
			name = Main.storyboard;
			sourceTree = "<group>";
		};
		05E97BAC1CC5D13100BCCB87 /* LaunchScreen.storyboard */ = {
			isa = PBXVariantGroup;
			children = (
				05E97BAD1CC5D13100BCCB87 /* Base */,
			);
			name = LaunchScreen.storyboard;
			sourceTree = "<group>";
		};
/* End PBXVariantGroup section */

/* Begin XCBuildConfiguration section */
		05E97BB01CC5D13100BCCB87 /* Debug */ = {
			isa = XCBuildConfiguration;
			buildSettings = {
				ALWAYS_SEARCH_USER_PATHS = NO;
				CLANG_ANALYZER_NONNULL = YES;
				CLANG_CXX_LANGUAGE_STANDARD = "gnu++0x";
				CLANG_CXX_LIBRARY = "libc++";
				CLANG_ENABLE_MODULES = YES;
				CLANG_ENABLE_OBJC_ARC = YES;
				CLANG_WARN_BOOL_CONVERSION = YES;
				CLANG_WARN_CONSTANT_CONVERSION = YES;
				CLANG_WARN_DIRECT_OBJC_ISA_USAGE = YES_ERROR;
				CLANG_WARN_EMPTY_BODY = YES;
				CLANG_WARN_ENUM_CONVERSION = YES;
				CLANG_WARN_INT_CONVERSION = YES;
				CLANG_WARN_OBJC_ROOT_CLASS = YES_ERROR;
				CLANG_WARN_UNREACHABLE_CODE = YES;
				CLANG_WARN__DUPLICATE_METHOD_MATCH = YES;
				"CODE_SIGN_IDENTITY[sdk=iphoneos*]" = "iPhone Developer";
				COPY_PHASE_STRIP = NO;
				DEBUG_INFORMATION_FORMAT = dwarf;
				ENABLE_STRICT_OBJC_MSGSEND = YES;
				ENABLE_TESTABILITY = YES;
				GCC_C_LANGUAGE_STANDARD = gnu99;
				GCC_DYNAMIC_NO_PIC = NO;
				GCC_NO_COMMON_BLOCKS = YES;
				GCC_OPTIMIZATION_LEVEL = 0;
				GCC_PREPROCESSOR_DEFINITIONS = (
					"DEBUG=1",
					"$(inherited)",
				);
				GCC_WARN_64_TO_32_BIT_CONVERSION = YES;
				GCC_WARN_ABOUT_RETURN_TYPE = YES_ERROR;
				GCC_WARN_UNDECLARED_SELECTOR = YES;
				GCC_WARN_UNINITIALIZED_AUTOS = YES_AGGRESSIVE;
				GCC_WARN_UNUSED_FUNCTION = YES;
				GCC_WARN_UNUSED_VARIABLE = YES;
				IPHONEOS_DEPLOYMENT_TARGET = 9.3;
				MTL_ENABLE_DEBUG_INFO = YES;
				ONLY_ACTIVE_ARCH = YES;
				SDKROOT = iphoneos;
				TARGETED_DEVICE_FAMILY = "1,2";
			};
			name = Debug;
		};
		05E97BB11CC5D13100BCCB87 /* Release */ = {
			isa = XCBuildConfiguration;
			buildSettings = {
				ALWAYS_SEARCH_USER_PATHS = NO;
				CLANG_ANALYZER_NONNULL = YES;
				CLANG_CXX_LANGUAGE_STANDARD = "gnu++0x";
				CLANG_CXX_LIBRARY = "libc++";
				CLANG_ENABLE_MODULES = YES;
				CLANG_ENABLE_OBJC_ARC = YES;
				CLANG_WARN_BOOL_CONVERSION = YES;
				CLANG_WARN_CONSTANT_CONVERSION = YES;
				CLANG_WARN_DIRECT_OBJC_ISA_USAGE = YES_ERROR;
				CLANG_WARN_EMPTY_BODY = YES;
				CLANG_WARN_ENUM_CONVERSION = YES;
				CLANG_WARN_INT_CONVERSION = YES;
				CLANG_WARN_OBJC_ROOT_CLASS = YES_ERROR;
				CLANG_WARN_UNREACHABLE_CODE = YES;
				CLANG_WARN__DUPLICATE_METHOD_MATCH = YES;
				"CODE_SIGN_IDENTITY[sdk=iphoneos*]" = "iPhone Developer";
				COPY_PHASE_STRIP = NO;
				DEBUG_INFORMATION_FORMAT = "dwarf-with-dsym";
				ENABLE_NS_ASSERTIONS = NO;
				ENABLE_STRICT_OBJC_MSGSEND = YES;
				GCC_C_LANGUAGE_STANDARD = gnu99;
				GCC_NO_COMMON_BLOCKS = YES;
				GCC_WARN_64_TO_32_BIT_CONVERSION = YES;
				GCC_WARN_ABOUT_RETURN_TYPE = YES_ERROR;
				GCC_WARN_UNDECLARED_SELECTOR = YES;
				GCC_WARN_UNINITIALIZED_AUTOS = YES_AGGRESSIVE;
				GCC_WARN_UNUSED_FUNCTION = YES;
				GCC_WARN_UNUSED_VARIABLE = YES;
				IPHONEOS_DEPLOYMENT_TARGET = 9.3;
				MTL_ENABLE_DEBUG_INFO = NO;
				SDKROOT = iphoneos;
				TARGETED_DEVICE_FAMILY = "1,2";
				VALIDATE_PRODUCT = YES;
			};
			name = Release;
		};
		05E97BB31CC5D13100BCCB87 /* Debug */ = {
			isa = XCBuildConfiguration;
			baseConfigurationReference = FBF60DA9B340AE6D242D4126 /* Pods.debug.xcconfig */;
			buildSettings = {
				ASSETCATALOG_COMPILER_APPICON_NAME = AppIcon;
				INFOPLIST_FILE = ZCXImageBannerPlayer/Info.plist;
				IPHONEOS_DEPLOYMENT_TARGET = 6.0;
				LD_RUNPATH_SEARCH_PATHS = "$(inherited) @executable_path/Frameworks";
				PRODUCT_BUNDLE_IDENTIFIER = io.github.jixuqianxing.ZCXImageBannerPlayer;
				PRODUCT_NAME = "$(TARGET_NAME)";
			};
			name = Debug;
		};
		05E97BB41CC5D13100BCCB87 /* Release */ = {
			isa = XCBuildConfiguration;
			baseConfigurationReference = C2A5838C0C846A978C257BA5 /* Pods.release.xcconfig */;
			buildSettings = {
				ASSETCATALOG_COMPILER_APPICON_NAME = AppIcon;
				INFOPLIST_FILE = ZCXImageBannerPlayer/Info.plist;
				IPHONEOS_DEPLOYMENT_TARGET = 6.0;
				LD_RUNPATH_SEARCH_PATHS = "$(inherited) @executable_path/Frameworks";
				PRODUCT_BUNDLE_IDENTIFIER = io.github.jixuqianxing.ZCXImageBannerPlayer;
				PRODUCT_NAME = "$(TARGET_NAME)";
			};
			name = Release;
		};
/* End XCBuildConfiguration section */

/* Begin XCConfigurationList section */
		05E97B961CC5D13000BCCB87 /* Build configuration list for PBXProject "ZCXImageBannerPlayer" */ = {
			isa = XCConfigurationList;
			buildConfigurations = (
				05E97BB01CC5D13100BCCB87 /* Debug */,
				05E97BB11CC5D13100BCCB87 /* Release */,
			);
			defaultConfigurationIsVisible = 0;
			defaultConfigurationName = Release;
		};
		05E97BB21CC5D13100BCCB87 /* Build configuration list for PBXNativeTarget "ZCXImageBannerPlayer" */ = {
			isa = XCConfigurationList;
			buildConfigurations = (
				05E97BB31CC5D13100BCCB87 /* Debug */,
				05E97BB41CC5D13100BCCB87 /* Release */,
			);
			defaultConfigurationIsVisible = 0;
			defaultConfigurationName = Release;
		};
/* End XCConfigurationList section */
	};
	rootObject = 05E97B931CC5D13000BCCB87 /* Project object */;
}
